
Microsoft Visual Studio Solution File, Format Version 12.00
# Visual Studio Version 17
VisualStudioVersion = 17.9.34728.123
MinimumVisualStudioVersion = 10.0.40219.1
Project("{9A19103F-16F7-4668-BE54-9A1E7A4F7556}") = "Cinema_Reservations", "Cinema_Reservations.csproj", "{7D11F2CE-2FD8-4FAB-B45A-84D76E19FAFA}"
EndProject
Project("{FAE04EC0-301F-11D3-BF4B-00C04F79EFBC}") = "CinemaClient", "..\CinemaClient\CinemaClient.csproj", "{6B52CDDF-456F-4695-B46A-53205DB70501}"
EndProject
Global
	GlobalSection(SolutionConfigurationPlatforms) = preSolution
		Debug|Any CPU = Debug|Any CPU
		Release|Any CPU = Release|Any CPU
	EndGlobalSection
	GlobalSection(ProjectConfigurationPlatforms) = postSolution
		{7D11F2CE-2FD8-4FAB-B45A-84D76E19FAFA}.Debug|Any CPU.ActiveCfg = Debug|Any CPU
		{7D11F2CE-2FD8-4FAB-B45A-84D76E19FAFA}.Debug|Any CPU.Build.0 = Debug|Any CPU
		{7D11F2CE-2FD8-4FAB-B45A-84D76E19FAFA}.Release|Any CPU.ActiveCfg = Release|Any CPU
		{7D11F2CE-2FD8-4FAB-B45A-84D76E19FAFA}.Release|Any CPU.Build.0 = Release|Any CPU
		{6B52CDDF-456F-4695-B46A-53205DB70501}.Debug|Any CPU.ActiveCfg = Debug|Any CPU
		{6B52CDDF-456F-4695-B46A-53205DB70501}.Debug|Any CPU.Build.0 = Debug|Any CPU
		{6B52CDDF-456F-4695-B46A-53205DB70501}.Release|Any CPU.ActiveCfg = Release|Any CPU
		{6B52CDDF-456F-4695-B46A-53205DB70501}.Release|Any CPU.Build.0 = Release|Any CPU
	EndGlobalSection
	GlobalSection(SolutionProperties) = preSolution
		HideSolutionNode = FALSE
	EndGlobalSection
	GlobalSection(ExtensibilityGlobals) = postSolution
		SolutionGuid = {6230C138-E847-4CC9-A088-65C9D36206AD}
	EndGlobalSection
EndGlobal
